
Microsoft Visual Studio Solution File, Format Version 12.00
# Visual Studio Version 17
VisualStudioVersion = 17.6.33829.357
MinimumVisualStudioVersion = 10.0.40219.1
Project("{FAE04EC0-301F-11D3-BF4B-00C04F79EFBC}") = "ecommerce.net_mvc", "ecommerce.net_mvc\ecommerce.net_mvc.csproj", "{ACFB5CA7-7E1B-4633-A7C6-63B686D831B0}"
EndProject
Global
	GlobalSection(SolutionConfigurationPlatforms) = preSolution
		Debug|Any CPU = Debug|Any CPU
		Release|Any CPU = Release|Any CPU
	EndGlobalSection
	GlobalSection(ProjectConfigurationPlatforms) = postSolution
		{ACFB5CA7-7E1B-4633-A7C6-63B686D831B0}.Debug|Any CPU.ActiveCfg = Debug|Any CPU
		{ACFB5CA7-7E1B-4633-A7C6-63B686D831B0}.Debug|Any CPU.Build.0 = Debug|Any CPU
		{ACFB5CA7-7E1B-4633-A7C6-63B686D831B0}.Release|Any CPU.ActiveCfg = Release|Any CPU
		{ACFB5CA7-7E1B-4633-A7C6-63B686D831B0}.Release|Any CPU.Build.0 = Release|Any CPU
	EndGlobalSection
	GlobalSection(SolutionProperties) = preSolution
		HideSolutionNode = FALSE
	EndGlobalSection
	GlobalSection(ExtensibilityGlobals) = postSolution
		SolutionGuid = {D2C1F3A2-B5B0-433C-A31A-03159F404919}
	EndGlobalSection
EndGlobal
